
Microsoft Visual Studio Solution File, Format Version 12.00
# Visual Studio Version 17
VisualStudioVersion = 17.11.35222.181
MinimumVisualStudioVersion = 10.0.40219.1
Project("{9A19103F-16F7-4668-BE54-9A1E7A4F7556}") = "01_ht", "01_ht\01_ht.csproj", "{DF457EEF-EC6C-46F1-AA94-03A5FF50A38A}"
EndProject
Project("{9A19103F-16F7-4668-BE54-9A1E7A4F7556}") = "02_ht", "02_ht\02_ht.csproj", "{343F09ED-FA08-4389-8F2C-7CB3D3CCD29F}"
EndProject
Project("{9A19103F-16F7-4668-BE54-9A1E7A4F7556}") = "03_ht", "03_ht\03_ht.csproj", "{76F5B84F-331C-4AC8-B99B-1A34564FCAF1}"
EndProject
Project("{9A19103F-16F7-4668-BE54-9A1E7A4F7556}") = "04_ht", "04_ht\04_ht.csproj", "{5542D818-7A68-409C-9635-3F24856CD1C8}"
EndProject
Project("{9A19103F-16F7-4668-BE54-9A1E7A4F7556}") = "05_ht", "05_ht\05_ht.csproj", "{DA8216AA-5D94-4AC5-9BB5-6966573087BC}"
EndProject
Project("{9A19103F-16F7-4668-BE54-9A1E7A4F7556}") = "06_ht", "06_ht\06_ht.csproj", "{907A7329-1DF5-44E9-9E98-C3AB59D3D333}"
EndProject
Project("{9A19103F-16F7-4668-BE54-9A1E7A4F7556}") = "07_ht", "07_ht\07_ht.csproj", "{B9658A19-E53A-4190-BAB2-F0BF637CAEA1}"
EndProject
Project("{9A19103F-16F7-4668-BE54-9A1E7A4F7556}") = "08_ht", "08_ht\08_ht.csproj", "{2064AB98-1E05-4739-B2F6-C2F52F5DB04E}"
EndProject
Project("{9A19103F-16F7-4668-BE54-9A1E7A4F7556}") = "09_ht", "09_ht\09_ht.csproj", "{42984AA1-4565-49CA-A179-2449E352DDE1}"
EndProject
Project("{FAE04EC0-301F-11D3-BF4B-00C04F79EFBC}") = "10_ht", "10_ht\10_ht.csproj", "{79AD47FA-9F6B-4A0B-8772-1B6CDB1879BD}"
EndProject
Project("{FAE04EC0-301F-11D3-BF4B-00C04F79EFBC}") = "11_ht", "11_ht\11_ht.csproj", "{A16B73B0-6838-4881-BE3F-7E5E65B3095A}"
EndProject
Global
	GlobalSection(SolutionConfigurationPlatforms) = preSolution
		Debug|Any CPU = Debug|Any CPU
		Release|Any CPU = Release|Any CPU
	EndGlobalSection
	GlobalSection(ProjectConfigurationPlatforms) = postSolution
		{DF457EEF-EC6C-46F1-AA94-03A5FF50A38A}.Debug|Any CPU.ActiveCfg = Debug|Any CPU
		{DF457EEF-EC6C-46F1-AA94-03A5FF50A38A}.Debug|Any CPU.Build.0 = Debug|Any CPU
		{DF457EEF-EC6C-46F1-AA94-03A5FF50A38A}.Release|Any CPU.ActiveCfg = Release|Any CPU
		{DF457EEF-EC6C-46F1-AA94-03A5FF50A38A}.Release|Any CPU.Build.0 = Release|Any CPU
		{343F09ED-FA08-4389-8F2C-7CB3D3CCD29F}.Debug|Any CPU.ActiveCfg = Debug|Any CPU
		{343F09ED-FA08-4389-8F2C-7CB3D3CCD29F}.Debug|Any CPU.Build.0 = Debug|Any CPU
		{343F09ED-FA08-4389-8F2C-7CB3D3CCD29F}.Release|Any CPU.ActiveCfg = Release|Any CPU
		{343F09ED-FA08-4389-8F2C-7CB3D3CCD29F}.Release|Any CPU.Build.0 = Release|Any CPU
		{76F5B84F-331C-4AC8-B99B-1A34564FCAF1}.Debug|Any CPU.ActiveCfg = Debug|Any CPU
		{76F5B84F-331C-4AC8-B99B-1A34564FCAF1}.Debug|Any CPU.Build.0 = Debug|Any CPU
		{76F5B84F-331C-4AC8-B99B-1A34564FCAF1}.Release|Any CPU.ActiveCfg = Release|Any CPU
		{76F5B84F-331C-4AC8-B99B-1A34564FCAF1}.Release|Any CPU.Build.0 = Release|Any CPU
		{5542D818-7A68-409C-9635-3F24856CD1C8}.Debug|Any CPU.ActiveCfg = Debug|Any CPU
		{5542D818-7A68-409C-9635-3F24856CD1C8}.Debug|Any CPU.Build.0 = Debug|Any CPU
		{5542D818-7A68-409C-9635-3F24856CD1C8}.Release|Any CPU.ActiveCfg = Release|Any CPU
		{5542D818-7A68-409C-9635-3F24856CD1C8}.Release|Any CPU.Build.0 = Release|Any CPU
		{DA8216AA-5D94-4AC5-9BB5-6966573087BC}.Debug|Any CPU.ActiveCfg = Debug|Any CPU
		{DA8216AA-5D94-4AC5-9BB5-6966573087BC}.Debug|Any CPU.Build.0 = Debug|Any CPU
		{DA8216AA-5D94-4AC5-9BB5-6966573087BC}.Release|Any CPU.ActiveCfg = Release|Any CPU
		{DA8216AA-5D94-4AC5-9BB5-6966573087BC}.Release|Any CPU.Build.0 = Release|Any CPU
		{907A7329-1DF5-44E9-9E98-C3AB59D3D333}.Debug|Any CPU.ActiveCfg = Debug|Any CPU
		{907A7329-1DF5-44E9-9E98-C3AB59D3D333}.Debug|Any CPU.Build.0 = Debug|Any CPU
		{907A7329-1DF5-44E9-9E98-C3AB59D3D333}.Release|Any CPU.ActiveCfg = Release|Any CPU
		{907A7329-1DF5-44E9-9E98-C3AB59D3D333}.Release|Any CPU.Build.0 = Release|Any CPU
		{B9658A19-E53A-4190-BAB2-F0BF637CAEA1}.Debug|Any CPU.ActiveCfg = Debug|Any CPU
		{B9658A19-E53A-4190-BAB2-F0BF637CAEA1}.Debug|Any CPU.Build.0 = Debug|Any CPU
		{B9658A19-E53A-4190-BAB2-F0BF637CAEA1}.Release|Any CPU.ActiveCfg = Release|Any CPU
		{B9658A19-E53A-4190-BAB2-F0BF637CAEA1}.Release|Any CPU.Build.0 = Release|Any CPU
		{2064AB98-1E05-4739-B2F6-C2F52F5DB04E}.Debug|Any CPU.ActiveCfg = Debug|Any CPU
		{2064AB98-1E05-4739-B2F6-C2F52F5DB04E}.Debug|Any CPU.Build.0 = Debug|Any CPU
		{2064AB98-1E05-4739-B2F6-C2F52F5DB04E}.Release|Any CPU.ActiveCfg = Release|Any CPU
		{2064AB98-1E05-4739-B2F6-C2F52F5DB04E}.Release|Any CPU.Build.0 = Release|Any CPU
		{42984AA1-4565-49CA-A179-2449E352DDE1}.Debug|Any CPU.ActiveCfg = Debug|Any CPU
		{42984AA1-4565-49CA-A179-2449E352DDE1}.Debug|Any CPU.Build.0 = Debug|Any CPU
		{42984AA1-4565-49CA-A179-2449E352DDE1}.Release|Any CPU.ActiveCfg = Release|Any CPU
		{42984AA1-4565-49CA-A179-2449E352DDE1}.Release|Any CPU.Build.0 = Release|Any CPU
		{79AD47FA-9F6B-4A0B-8772-1B6CDB1879BD}.Debug|Any CPU.ActiveCfg = Debug|Any CPU
		{79AD47FA-9F6B-4A0B-8772-1B6CDB1879BD}.Debug|Any CPU.Build.0 = Debug|Any CPU
		{79AD47FA-9F6B-4A0B-8772-1B6CDB1879BD}.Release|Any CPU.ActiveCfg = Release|Any CPU
		{79AD47FA-9F6B-4A0B-8772-1B6CDB1879BD}.Release|Any CPU.Build.0 = Release|Any CPU
		{A16B73B0-6838-4881-BE3F-7E5E65B3095A}.Debug|Any CPU.ActiveCfg = Debug|Any CPU
		{A16B73B0-6838-4881-BE3F-7E5E65B3095A}.Debug|Any CPU.Build.0 = Debug|Any CPU
		{A16B73B0-6838-4881-BE3F-7E5E65B3095A}.Release|Any CPU.ActiveCfg = Release|Any CPU
		{A16B73B0-6838-4881-BE3F-7E5E65B3095A}.Release|Any CPU.Build.0 = Release|Any CPU
	EndGlobalSection
	GlobalSection(SolutionProperties) = preSolution
		HideSolutionNode = FALSE
	EndGlobalSection
	GlobalSection(ExtensibilityGlobals) = postSolution
		SolutionGuid = {926D50B5-5D06-4BF4-BA0A-536AA450D109}
	EndGlobalSection
EndGlobal
